// !$*UTF8*$!
{
	archiveVersion = 1;
	classes = {
	};
	objectVersion = 77;
	objects = {

/* Begin PBXBuildFile section */
		D6135F462DBE91CF008DF3D9 /* FirebaseAnalytics in Frameworks */ = {isa = PBXBuildFile; productRef = D6135F452DBE91CF008DF3D9 /* FirebaseAnalytics */; };
		D6135F482DBE91CF008DF3D9 /* FirebaseAnalyticsOnDeviceConversion in Frameworks */ = {isa = PBXBuildFile; productRef = D6135F472DBE91CF008DF3D9 /* FirebaseAnalyticsOnDeviceConversion */; };
		D6135F4A2DBE91CF008DF3D9 /* FirebaseAnalyticsWithoutAdIdSupport in Frameworks */ = {isa = PBXBuildFile; productRef = D6135F492DBE91CF008DF3D9 /* FirebaseAnalyticsWithoutAdIdSupport */; };
		D6135F4C2DBE91CF008DF3D9 /* FirebaseAppCheck in Frameworks */ = {isa = PBXBuildFile; productRef = D6135F4B2DBE91CF008DF3D9 /* FirebaseAppCheck */; };
		D6135F4E2DBE91CF008DF3D9 /* FirebaseAppDistribution-Beta in Frameworks */ = {isa = PBXBuildFile; productRef = D6135F4D2DBE91CF008DF3D9 /* FirebaseAppDistribution-Beta */; };
		D6135F502DBE91CF008DF3D9 /* FirebaseAuth in Frameworks */ = {isa = PBXBuildFile; productRef = D6135F4F2DBE91CF008DF3D9 /* FirebaseAuth */; };
		D6135F522DBE91CF008DF3D9 /* FirebaseAuthCombine-Community in Frameworks */ = {isa = PBXBuildFile; productRef = D6135F512DBE91CF008DF3D9 /* FirebaseAuthCombine-Community */; };
		D6135F542DBE91CF008DF3D9 /* FirebaseCore in Frameworks */ = {isa = PBXBuildFile; productRef = D6135F532DBE91CF008DF3D9 /* FirebaseCore */; };
		D6135F562DBE91CF008DF3D9 /* FirebaseCrashlytics in Frameworks */ = {isa = PBXBuildFile; productRef = D6135F552DBE91CF008DF3D9 /* FirebaseCrashlytics */; };
		D6135F582DBE91CF008DF3D9 /* FirebaseDatabase in Frameworks */ = {isa = PBXBuildFile; productRef = D6135F572DBE91CF008DF3D9 /* FirebaseDatabase */; };
		D6135F5A2DBE91CF008DF3D9 /* FirebaseDynamicLinks in Frameworks */ = {isa = PBXBuildFile; productRef = D6135F592DBE91CF008DF3D9 /* FirebaseDynamicLinks */; };
		D6135F5C2DBE91CF008DF3D9 /* FirebaseFirestore in Frameworks */ = {isa = PBXBuildFile; productRef = D6135F5B2DBE91CF008DF3D9 /* FirebaseFirestore */; };
		D6135F5E2DBE91CF008DF3D9 /* FirebaseFirestoreCombine-Community in Frameworks */ = {isa = PBXBuildFile; productRef = D6135F5D2DBE91CF008DF3D9 /* FirebaseFirestoreCombine-Community */; };
		D6135F602DBE91CF008DF3D9 /* FirebaseFunctions in Frameworks */ = {isa = PBXBuildFile; productRef = D6135F5F2DBE91CF008DF3D9 /* FirebaseFunctions */; };
		D6135F622DBE91CF008DF3D9 /* FirebaseFunctionsCombine-Community in Frameworks */ = {isa = PBXBuildFile; productRef = D6135F612DBE91CF008DF3D9 /* FirebaseFunctionsCombine-Community */; };
		D6135F642DBE91CF008DF3D9 /* FirebaseInAppMessaging-Beta in Frameworks */ = {isa = PBXBuildFile; productRef = D6135F632DBE91CF008DF3D9 /* FirebaseInAppMessaging-Beta */; };
		D6135F662DBE91CF008DF3D9 /* FirebaseInstallations in Frameworks */ = {isa = PBXBuildFile; productRef = D6135F652DBE91CF008DF3D9 /* FirebaseInstallations */; };
		D6135F682DBE91CF008DF3D9 /* FirebaseMLModelDownloader in Frameworks */ = {isa = PBXBuildFile; productRef = D6135F672DBE91CF008DF3D9 /* FirebaseMLModelDownloader */; };
		D6135F6A2DBE91CF008DF3D9 /* FirebaseMessaging in Frameworks */ = {isa = PBXBuildFile; productRef = D6135F692DBE91CF008DF3D9 /* FirebaseMessaging */; };
		D6135F6C2DBE91CF008DF3D9 /* FirebasePerformance in Frameworks */ = {isa = PBXBuildFile; productRef = D6135F6B2DBE91CF008DF3D9 /* FirebasePerformance */; };
		D6135F6E2DBE91CF008DF3D9 /* FirebaseRemoteConfig in Frameworks */ = {isa = PBXBuildFile; productRef = D6135F6D2DBE91CF008DF3D9 /* FirebaseRemoteConfig */; };
		D6135F702DBE91CF008DF3D9 /* FirebaseStorage in Frameworks */ = {isa = PBXBuildFile; productRef = D6135F6F2DBE91CF008DF3D9 /* FirebaseStorage */; };
		D6135F722DBE91CF008DF3D9 /* FirebaseStorageCombine-Community in Frameworks */ = {isa = PBXBuildFile; productRef = D6135F712DBE91CF008DF3D9 /* FirebaseStorageCombine-Community */; };
		D6135F742DBE91CF008DF3D9 /* FirebaseVertexAI in Frameworks */ = {isa = PBXBuildFile; productRef = D6135F732DBE91CF008DF3D9 /* FirebaseVertexAI */; };
		D6135F792DBE94B5008DF3D9 /* GoogleSignIn in Frameworks */ = {isa = PBXBuildFile; productRef = D6135F782DBE94B5008DF3D9 /* GoogleSignIn */; };
		D6135F7B2DBE94B5008DF3D9 /* GoogleSignInSwift in Frameworks */ = {isa = PBXBuildFile; productRef = D6135F7A2DBE94B5008DF3D9 /* GoogleSignInSwift */; };
		D6135F842DBEAC06008DF3D9 /* TaskModel.swift in Sources */ = {isa = PBXBuildFile; fileRef = D6135F822DBEAC04008DF3D9 /* TaskModel.swift */; };
		D6135F872DBEAC10008DF3D9 /* TaskListModel.swift in Sources */ = {isa = PBXBuildFile; fileRef = D6135F852DBEAC0E008DF3D9 /* TaskListModel.swift */; };
		D6135F8B2DBEAC29008DF3D9 /* FirestoreManager.swift in Sources */ = {isa = PBXBuildFile; fileRef = D6135F892DBEAC28008DF3D9 /* FirestoreManager.swift */; };
		D6135F922DBF0345008DF3D9 /* TaskListViewModel.swift in Sources */ = {isa = PBXBuildFile; fileRef = D6135F912DBEACD0008DF3D9 /* TaskListViewModel.swift */; };
/* End PBXBuildFile section */

/* Begin PBXContainerItemProxy section */
		D6FFCD2A2DB705FD00124233 /* PBXContainerItemProxy */ = {
			isa = PBXContainerItemProxy;
			containerPortal = D6FFCD142DB705FB00124233 /* Project object */;
			proxyType = 1;
			remoteGlobalIDString = D6FFCD1B2DB705FB00124233;
			remoteInfo = Thoughtsort_UI;
		};
		D6FFCD342DB705FD00124233 /* PBXContainerItemProxy */ = {
			isa = PBXContainerItemProxy;
			containerPortal = D6FFCD142DB705FB00124233 /* Project object */;
			proxyType = 1;
			remoteGlobalIDString = D6FFCD1B2DB705FB00124233;
			remoteInfo = Thoughtsort_UI;
		};
/* End PBXContainerItemProxy section */

/* Begin PBXFileReference section */
		D6135F822DBEAC04008DF3D9 /* TaskModel.swift */ = {isa = PBXFileReference; lastKnownFileType = sourcecode.swift; path = TaskModel.swift; sourceTree = "<group>"; };
		D6135F852DBEAC0E008DF3D9 /* TaskListModel.swift */ = {isa = PBXFileReference; lastKnownFileType = sourcecode.swift; path = TaskListModel.swift; sourceTree = "<group>"; };
		D6135F892DBEAC28008DF3D9 /* FirestoreManager.swift */ = {isa = PBXFileReference; lastKnownFileType = sourcecode.swift; path = FirestoreManager.swift; sourceTree = "<group>"; };
		D6135F912DBEACD0008DF3D9 /* TaskListViewModel.swift */ = {isa = PBXFileReference; lastKnownFileType = sourcecode.swift; path = TaskListViewModel.swift; sourceTree = "<group>"; };
		D6FFCD1C2DB705FB00124233 /* Thoughtsort_UI.app */ = {isa = PBXFileReference; explicitFileType = wrapper.application; includeInIndex = 0; path = Thoughtsort_UI.app; sourceTree = BUILT_PRODUCTS_DIR; };
		D6FFCD292DB705FD00124233 /* Thoughtsort_UITests.xctest */ = {isa = PBXFileReference; explicitFileType = wrapper.cfbundle; includeInIndex = 0; path = Thoughtsort_UITests.xctest; sourceTree = BUILT_PRODUCTS_DIR; };
		D6FFCD332DB705FD00124233 /* Thoughtsort_UIUITests.xctest */ = {isa = PBXFileReference; explicitFileType = wrapper.cfbundle; includeInIndex = 0; path = Thoughtsort_UIUITests.xctest; sourceTree = BUILT_PRODUCTS_DIR; };
/* End PBXFileReference section */

/* Begin PBXFileSystemSynchronizedRootGroup section */
		D6FFCD1E2DB705FB00124233 /* Thoughtsort_UI */ = {
			isa = PBXFileSystemSynchronizedRootGroup;
			path = Thoughtsort_UI;
			sourceTree = "<group>";
		};
		D6FFCD2C2DB705FD00124233 /* Thoughtsort_UITests */ = {
			isa = PBXFileSystemSynchronizedRootGroup;
			path = Thoughtsort_UITests;
			sourceTree = "<group>";
		};
		D6FFCD362DB705FD00124233 /* Thoughtsort_UIUITests */ = {
			isa = PBXFileSystemSynchronizedRootGroup;
			path = Thoughtsort_UIUITests;
			sourceTree = "<group>";
		};
/* End PBXFileSystemSynchronizedRootGroup section */

/* Begin PBXFrameworksBuildPhase section */
		D6FFCD192DB705FB00124233 /* Frameworks */ = {
			isa = PBXFrameworksBuildPhase;
			buildActionMask = 2147483647;
			files = (
				D6135F5E2DBE91CF008DF3D9 /* FirebaseFirestoreCombine-Community in Frameworks */,
				D6135F742DBE91CF008DF3D9 /* FirebaseVertexAI in Frameworks */,
				D6135F602DBE91CF008DF3D9 /* FirebaseFunctions in Frameworks */,
				D6135F6C2DBE91CF008DF3D9 /* FirebasePerformance in Frameworks */,
				D6135F722DBE91CF008DF3D9 /* FirebaseStorageCombine-Community in Frameworks */,
				D6135F7B2DBE94B5008DF3D9 /* GoogleSignInSwift in Frameworks */,
				D6135F6E2DBE91CF008DF3D9 /* FirebaseRemoteConfig in Frameworks */,
				D6135F582DBE91CF008DF3D9 /* FirebaseDatabase in Frameworks */,
				D6135F5A2DBE91CF008DF3D9 /* FirebaseDynamicLinks in Frameworks */,
				D6135F4C2DBE91CF008DF3D9 /* FirebaseAppCheck in Frameworks */,
				D6135F502DBE91CF008DF3D9 /* FirebaseAuth in Frameworks */,
				D6135F462DBE91CF008DF3D9 /* FirebaseAnalytics in Frameworks */,
				D6135F5C2DBE91CF008DF3D9 /* FirebaseFirestore in Frameworks */,
				D6135F6A2DBE91CF008DF3D9 /* FirebaseMessaging in Frameworks */,
				D6135F662DBE91CF008DF3D9 /* FirebaseInstallations in Frameworks */,
				D6135F622DBE91CF008DF3D9 /* FirebaseFunctionsCombine-Community in Frameworks */,
				D6135F792DBE94B5008DF3D9 /* GoogleSignIn in Frameworks */,
				D6135F4E2DBE91CF008DF3D9 /* FirebaseAppDistribution-Beta in Frameworks */,
				D6135F4A2DBE91CF008DF3D9 /* FirebaseAnalyticsWithoutAdIdSupport in Frameworks */,
				D6135F642DBE91CF008DF3D9 /* FirebaseInAppMessaging-Beta in Frameworks */,
				D6135F522DBE91CF008DF3D9 /* FirebaseAuthCombine-Community in Frameworks */,
				D6135F562DBE91CF008DF3D9 /* FirebaseCrashlytics in Frameworks */,
				D6135F682DBE91CF008DF3D9 /* FirebaseMLModelDownloader in Frameworks */,
				D6135F702DBE91CF008DF3D9 /* FirebaseStorage in Frameworks */,
				D6135F542DBE91CF008DF3D9 /* FirebaseCore in Frameworks */,
				D6135F482DBE91CF008DF3D9 /* FirebaseAnalyticsOnDeviceConversion in Frameworks */,
			);
			runOnlyForDeploymentPostprocessing = 0;
		};
		D6FFCD262DB705FD00124233 /* Frameworks */ = {
			isa = PBXFrameworksBuildPhase;
			buildActionMask = 2147483647;
			files = (
			);
			runOnlyForDeploymentPostprocessing = 0;
		};
		D6FFCD302DB705FD00124233 /* Frameworks */ = {
			isa = PBXFrameworksBuildPhase;
			buildActionMask = 2147483647;
			files = (
			);
			runOnlyForDeploymentPostprocessing = 0;
		};
/* End PBXFrameworksBuildPhase section */

/* Begin PBXGroup section */
		D6135F8C2DBEAC32008DF3D9 /* ViewModels */ = {
			isa = PBXGroup;
			children = (
			);
			path = ViewModels;
			sourceTree = "<group>";
		};
		D6135F8D2DBEAC41008DF3D9 /* Models */ = {
			isa = PBXGroup;
			children = (
				D6135F852DBEAC0E008DF3D9 /* TaskListModel.swift */,
				D6135F822DBEAC04008DF3D9 /* TaskModel.swift */,
			);
			path = Models;
			sourceTree = "<group>";
		};
		D6135F8E2DBEAC88008DF3D9 /* Services */ = {
			isa = PBXGroup;
			children = (
				D6135F892DBEAC28008DF3D9 /* FirestoreManager.swift */,
			);
			path = Services;
			sourceTree = "<group>";
		};
		D6FFCD132DB705FB00124233 = {
			isa = PBXGroup;
			children = (
				D6135F8E2DBEAC88008DF3D9 /* Services */,
				D6135F8D2DBEAC41008DF3D9 /* Models */,
				D6135F8C2DBEAC32008DF3D9 /* ViewModels */,
				D6FFCD1E2DB705FB00124233 /* Thoughtsort_UI */,
				D6FFCD2C2DB705FD00124233 /* Thoughtsort_UITests */,
				D6FFCD362DB705FD00124233 /* Thoughtsort_UIUITests */,
				D6FFCD1D2DB705FB00124233 /* Products */,
				D6135F912DBEACD0008DF3D9 /* TaskListViewModel.swift */,
			);
			sourceTree = "<group>";
		};
		D6FFCD1D2DB705FB00124233 /* Products */ = {
			isa = PBXGroup;
			children = (
				D6FFCD1C2DB705FB00124233 /* Thoughtsort_UI.app */,
				D6FFCD292DB705FD00124233 /* Thoughtsort_UITests.xctest */,
				D6FFCD332DB705FD00124233 /* Thoughtsort_UIUITests.xctest */,
			);
			name = Products;
			sourceTree = "<group>";
		};
/* End PBXGroup section */

/* Begin PBXNativeTarget section */
		D6FFCD1B2DB705FB00124233 /* Thoughtsort_UI */ = {
			isa = PBXNativeTarget;
			buildConfigurationList = D6FFCD3D2DB705FD00124233 /* Build configuration list for PBXNativeTarget "Thoughtsort_UI" */;
			buildPhases = (
				D6FFCD182DB705FB00124233 /* Sources */,
				D6FFCD192DB705FB00124233 /* Frameworks */,
				D6FFCD1A2DB705FB00124233 /* Resources */,
			);
			buildRules = (
			);
			dependencies = (
			);
			fileSystemSynchronizedGroups = (
				D6FFCD1E2DB705FB00124233 /* Thoughtsort_UI */,
			);
			name = Thoughtsort_UI;
			packageProductDependencies = (
				D6135F452DBE91CF008DF3D9 /* FirebaseAnalytics */,
				D6135F472DBE91CF008DF3D9 /* FirebaseAnalyticsOnDeviceConversion */,
				D6135F492DBE91CF008DF3D9 /* FirebaseAnalyticsWithoutAdIdSupport */,
				D6135F4B2DBE91CF008DF3D9 /* FirebaseAppCheck */,
				D6135F4D2DBE91CF008DF3D9 /* FirebaseAppDistribution-Beta */,
				D6135F4F2DBE91CF008DF3D9 /* FirebaseAuth */,
				D6135F512DBE91CF008DF3D9 /* FirebaseAuthCombine-Community */,
				D6135F532DBE91CF008DF3D9 /* FirebaseCore */,
				D6135F552DBE91CF008DF3D9 /* FirebaseCrashlytics */,
				D6135F572DBE91CF008DF3D9 /* FirebaseDatabase */,
				D6135F592DBE91CF008DF3D9 /* FirebaseDynamicLinks */,
				D6135F5B2DBE91CF008DF3D9 /* FirebaseFirestore */,
				D6135F5D2DBE91CF008DF3D9 /* FirebaseFirestoreCombine-Community */,
				D6135F5F2DBE91CF008DF3D9 /* FirebaseFunctions */,
				D6135F612DBE91CF008DF3D9 /* FirebaseFunctionsCombine-Community */,
				D6135F632DBE91CF008DF3D9 /* FirebaseInAppMessaging-Beta */,
				D6135F652DBE91CF008DF3D9 /* FirebaseInstallations */,
				D6135F672DBE91CF008DF3D9 /* FirebaseMLModelDownloader */,
				D6135F692DBE91CF008DF3D9 /* FirebaseMessaging */,
				D6135F6B2DBE91CF008DF3D9 /* FirebasePerformance */,
				D6135F6D2DBE91CF008DF3D9 /* FirebaseRemoteConfig */,
				D6135F6F2DBE91CF008DF3D9 /* FirebaseStorage */,
				D6135F712DBE91CF008DF3D9 /* FirebaseStorageCombine-Community */,
				D6135F732DBE91CF008DF3D9 /* FirebaseVertexAI */,
				D6135F782DBE94B5008DF3D9 /* GoogleSignIn */,
				D6135F7A2DBE94B5008DF3D9 /* GoogleSignInSwift */,
			);
			productName = Thoughtsort_UI;
			productReference = D6FFCD1C2DB705FB00124233 /* Thoughtsort_UI.app */;
			productType = "com.apple.product-type.application";
		};
		D6FFCD282DB705FD00124233 /* Thoughtsort_UITests */ = {
			isa = PBXNativeTarget;
			buildConfigurationList = D6FFCD402DB705FD00124233 /* Build configuration list for PBXNativeTarget "Thoughtsort_UITests" */;
			buildPhases = (
				D6FFCD252DB705FD00124233 /* Sources */,
				D6FFCD262DB705FD00124233 /* Frameworks */,
				D6FFCD272DB705FD00124233 /* Resources */,
			);
			buildRules = (
			);
			dependencies = (
				D6FFCD2B2DB705FD00124233 /* PBXTargetDependency */,
			);
			fileSystemSynchronizedGroups = (
				D6FFCD2C2DB705FD00124233 /* Thoughtsort_UITests */,
			);
			name = Thoughtsort_UITests;
			packageProductDependencies = (
			);
			productName = Thoughtsort_UITests;
			productReference = D6FFCD292DB705FD00124233 /* Thoughtsort_UITests.xctest */;
			productType = "com.apple.product-type.bundle.unit-test";
		};
		D6FFCD322DB705FD00124233 /* Thoughtsort_UIUITests */ = {
			isa = PBXNativeTarget;
			buildConfigurationList = D6FFCD432DB705FD00124233 /* Build configuration list for PBXNativeTarget "Thoughtsort_UIUITests" */;
			buildPhases = (
				D6FFCD2F2DB705FD00124233 /* Sources */,
				D6FFCD302DB705FD00124233 /* Frameworks */,
				D6FFCD312DB705FD00124233 /* Resources */,
			);
			buildRules = (
			);
			dependencies = (
				D6FFCD352DB705FD00124233 /* PBXTargetDependency */,
			);
			fileSystemSynchronizedGroups = (
				D6FFCD362DB705FD00124233 /* Thoughtsort_UIUITests */,
			);
			name = Thoughtsort_UIUITests;
			packageProductDependencies = (
			);
			productName = Thoughtsort_UIUITests;
			productReference = D6FFCD332DB705FD00124233 /* Thoughtsort_UIUITests.xctest */;
			productType = "com.apple.product-type.bundle.ui-testing";
		};
/* End PBXNativeTarget section */

/* Begin PBXProject section */
		D6FFCD142DB705FB00124233 /* Project object */ = {
			isa = PBXProject;
			attributes = {
				BuildIndependentTargetsInParallel = 1;
				LastSwiftUpdateCheck = 1630;
				LastUpgradeCheck = 1630;
				TargetAttributes = {
					D6FFCD1B2DB705FB00124233 = {
						CreatedOnToolsVersion = 16.3;
					};
					D6FFCD282DB705FD00124233 = {
						CreatedOnToolsVersion = 16.3;
						TestTargetID = D6FFCD1B2DB705FB00124233;
					};
					D6FFCD322DB705FD00124233 = {
						CreatedOnToolsVersion = 16.3;
						TestTargetID = D6FFCD1B2DB705FB00124233;
					};
				};
			};
			buildConfigurationList = D6FFCD172DB705FB00124233 /* Build configuration list for PBXProject "Thoughtsort_UI" */;
			developmentRegion = en;
			hasScannedForEncodings = 0;
			knownRegions = (
				en,
				Base,
			);
			mainGroup = D6FFCD132DB705FB00124233;
			minimizedProjectReferenceProxies = 1;
			packageReferences = (
				D6135F442DBE91CF008DF3D9 /* XCRemoteSwiftPackageReference "firebase-ios-sdk" */,
				D6135F772DBE94B5008DF3D9 /* XCRemoteSwiftPackageReference "GoogleSignIn-iOS" */,
			);
			preferredProjectObjectVersion = 77;
			productRefGroup = D6FFCD1D2DB705FB00124233 /* Products */;
			projectDirPath = "";
			projectRoot = "";
			targets = (
				D6FFCD1B2DB705FB00124233 /* Thoughtsort_UI */,
				D6FFCD282DB705FD00124233 /* Thoughtsort_UITests */,
				D6FFCD322DB705FD00124233 /* Thoughtsort_UIUITests */,
			);
		};
/* End PBXProject section */

/* Begin PBXResourcesBuildPhase section */
		D6FFCD1A2DB705FB00124233 /* Resources */ = {
			isa = PBXResourcesBuildPhase;
			buildActionMask = 2147483647;
			files = (
			);
			runOnlyForDeploymentPostprocessing = 0;
		};
		D6FFCD272DB705FD00124233 /* Resources */ = {
			isa = PBXResourcesBuildPhase;
			buildActionMask = 2147483647;
			files = (
			);
			runOnlyForDeploymentPostprocessing = 0;
		};
		D6FFCD312DB705FD00124233 /* Resources */ = {
			isa = PBXResourcesBuildPhase;
			buildActionMask = 2147483647;
			files = (
			);
			runOnlyForDeploymentPostprocessing = 0;
		};
/* End PBXResourcesBuildPhase section */

/* Begin PBXSourcesBuildPhase section */
		D6FFCD182DB705FB00124233 /* Sources */ = {
			isa = PBXSourcesBuildPhase;
			buildActionMask = 2147483647;
			files = (
				D6135F8B2DBEAC29008DF3D9 /* FirestoreManager.swift in Sources */,
				D6135F872DBEAC10008DF3D9 /* TaskListModel.swift in Sources */,
				D6135F842DBEAC06008DF3D9 /* TaskModel.swift in Sources */,
				D6135F922DBF0345008DF3D9 /* TaskListViewModel.swift in Sources */,
			);
			runOnlyForDeploymentPostprocessing = 0;
		};
		D6FFCD252DB705FD00124233 /* Sources */ = {
			isa = PBXSourcesBuildPhase;
			buildActionMask = 2147483647;
			files = (
			);
			runOnlyForDeploymentPostprocessing = 0;
		};
		D6FFCD2F2DB705FD00124233 /* Sources */ = {
			isa = PBXSourcesBuildPhase;
			buildActionMask = 2147483647;
			files = (
			);
			runOnlyForDeploymentPostprocessing = 0;
		};
/* End PBXSourcesBuildPhase section */

/* Begin PBXTargetDependency section */
		D6FFCD2B2DB705FD00124233 /* PBXTargetDependency */ = {
			isa = PBXTargetDependency;
			target = D6FFCD1B2DB705FB00124233 /* Thoughtsort_UI */;
			targetProxy = D6FFCD2A2DB705FD00124233 /* PBXContainerItemProxy */;
		};
		D6FFCD352DB705FD00124233 /* PBXTargetDependency */ = {
			isa = PBXTargetDependency;
			target = D6FFCD1B2DB705FB00124233 /* Thoughtsort_UI */;
			targetProxy = D6FFCD342DB705FD00124233 /* PBXContainerItemProxy */;
		};
/* End PBXTargetDependency section */

/* Begin XCBuildConfiguration section */
		D6FFCD3B2DB705FD00124233 /* Debug */ = {
			isa = XCBuildConfiguration;
			buildSettings = {
				ALWAYS_SEARCH_USER_PATHS = NO;
				ASSETCATALOG_COMPILER_GENERATE_SWIFT_ASSET_SYMBOL_EXTENSIONS = YES;
				CLANG_ANALYZER_NONNULL = YES;
				CLANG_ANALYZER_NUMBER_OBJECT_CONVERSION = YES_AGGRESSIVE;
				CLANG_CXX_LANGUAGE_STANDARD = "gnu++20";
				CLANG_ENABLE_MODULES = YES;
				CLANG_ENABLE_OBJC_ARC = YES;
				CLANG_ENABLE_OBJC_WEAK = YES;
				CLANG_WARN_BLOCK_CAPTURE_AUTORELEASING = YES;
				CLANG_WARN_BOOL_CONVERSION = YES;
				CLANG_WARN_COMMA = YES;
				CLANG_WARN_CONSTANT_CONVERSION = YES;
				CLANG_WARN_DEPRECATED_OBJC_IMPLEMENTATIONS = YES;
				CLANG_WARN_DIRECT_OBJC_ISA_USAGE = YES_ERROR;
				CLANG_WARN_DOCUMENTATION_COMMENTS = YES;
				CLANG_WARN_EMPTY_BODY = YES;
				CLANG_WARN_ENUM_CONVERSION = YES;
				CLANG_WARN_INFINITE_RECURSION = YES;
				CLANG_WARN_INT_CONVERSION = YES;
				CLANG_WARN_NON_LITERAL_NULL_CONVERSION = YES;
				CLANG_WARN_OBJC_IMPLICIT_RETAIN_SELF = YES;
				CLANG_WARN_OBJC_LITERAL_CONVERSION = YES;
				CLANG_WARN_OBJC_ROOT_CLASS = YES_ERROR;
				CLANG_WARN_QUOTED_INCLUDE_IN_FRAMEWORK_HEADER = YES;
				CLANG_WARN_RANGE_LOOP_ANALYSIS = YES;
				CLANG_WARN_STRICT_PROTOTYPES = YES;
				CLANG_WARN_SUSPICIOUS_MOVE = YES;
				CLANG_WARN_UNGUARDED_AVAILABILITY = YES_AGGRESSIVE;
				CLANG_WARN_UNREACHABLE_CODE = YES;
				CLANG_WARN__DUPLICATE_METHOD_MATCH = YES;
				COPY_PHASE_STRIP = NO;
				DEBUG_INFORMATION_FORMAT = dwarf;
				DEVELOPMENT_TEAM = GUN8SN6KGJ;
				ENABLE_STRICT_OBJC_MSGSEND = YES;
				ENABLE_TESTABILITY = YES;
				ENABLE_USER_SCRIPT_SANDBOXING = YES;
				GCC_C_LANGUAGE_STANDARD = gnu17;
				GCC_DYNAMIC_NO_PIC = NO;
				GCC_NO_COMMON_BLOCKS = YES;
				GCC_OPTIMIZATION_LEVEL = 0;
				GCC_PREPROCESSOR_DEFINITIONS = (
					"DEBUG=1",
					"$(inherited)",
				);
				GCC_WARN_64_TO_32_BIT_CONVERSION = YES;
				GCC_WARN_ABOUT_RETURN_TYPE = YES_ERROR;
				GCC_WARN_UNDECLARED_SELECTOR = YES;
				GCC_WARN_UNINITIALIZED_AUTOS = YES_AGGRESSIVE;
				GCC_WARN_UNUSED_FUNCTION = YES;
				GCC_WARN_UNUSED_VARIABLE = YES;
				IPHONEOS_DEPLOYMENT_TARGET = 18.4;
				LOCALIZATION_PREFERS_STRING_CATALOGS = YES;
				MTL_ENABLE_DEBUG_INFO = INCLUDE_SOURCE;
				MTL_FAST_MATH = YES;
				ONLY_ACTIVE_ARCH = YES;
				SDKROOT = iphoneos;
				SWIFT_ACTIVE_COMPILATION_CONDITIONS = "DEBUG $(inherited)";
				SWIFT_OPTIMIZATION_LEVEL = "-Onone";
				aa = "";
			};
			name = Debug;
		};
		D6FFCD3C2DB705FD00124233 /* Release */ = {
			isa = XCBuildConfiguration;
			buildSettings = {
				ALWAYS_SEARCH_USER_PATHS = NO;
				ASSETCATALOG_COMPILER_GENERATE_SWIFT_ASSET_SYMBOL_EXTENSIONS = YES;
				CLANG_ANALYZER_NONNULL = YES;
				CLANG_ANALYZER_NUMBER_OBJECT_CONVERSION = YES_AGGRESSIVE;
				CLANG_CXX_LANGUAGE_STANDARD = "gnu++20";
				CLANG_ENABLE_MODULES = YES;
				CLANG_ENABLE_OBJC_ARC = YES;
				CLANG_ENABLE_OBJC_WEAK = YES;
				CLANG_WARN_BLOCK_CAPTURE_AUTORELEASING = YES;
				CLANG_WARN_BOOL_CONVERSION = YES;
				CLANG_WARN_COMMA = YES;
				CLANG_WARN_CONSTANT_CONVERSION = YES;
				CLANG_WARN_DEPRECATED_OBJC_IMPLEMENTATIONS = YES;
				CLANG_WARN_DIRECT_OBJC_ISA_USAGE = YES_ERROR;
				CLANG_WARN_DOCUMENTATION_COMMENTS = YES;
				CLANG_WARN_EMPTY_BODY = YES;
				CLANG_WARN_ENUM_CONVERSION = YES;
				CLANG_WARN_INFINITE_RECURSION = YES;
				CLANG_WARN_INT_CONVERSION = YES;
				CLANG_WARN_NON_LITERAL_NULL_CONVERSION = YES;
				CLANG_WARN_OBJC_IMPLICIT_RETAIN_SELF = YES;
				CLANG_WARN_OBJC_LITERAL_CONVERSION = YES;
				CLANG_WARN_OBJC_ROOT_CLASS = YES_ERROR;
				CLANG_WARN_QUOTED_INCLUDE_IN_FRAMEWORK_HEADER = YES;
				CLANG_WARN_RANGE_LOOP_ANALYSIS = YES;
				CLANG_WARN_STRICT_PROTOTYPES = YES;
				CLANG_WARN_SUSPICIOUS_MOVE = YES;
				CLANG_WARN_UNGUARDED_AVAILABILITY = YES_AGGRESSIVE;
				CLANG_WARN_UNREACHABLE_CODE = YES;
				CLANG_WARN__DUPLICATE_METHOD_MATCH = YES;
				COPY_PHASE_STRIP = NO;
				DEBUG_INFORMATION_FORMAT = "dwarf-with-dsym";
				DEVELOPMENT_TEAM = GUN8SN6KGJ;
				ENABLE_NS_ASSERTIONS = NO;
				ENABLE_STRICT_OBJC_MSGSEND = YES;
				ENABLE_USER_SCRIPT_SANDBOXING = YES;
				GCC_C_LANGUAGE_STANDARD = gnu17;
				GCC_NO_COMMON_BLOCKS = YES;
				GCC_WARN_64_TO_32_BIT_CONVERSION = YES;
				GCC_WARN_ABOUT_RETURN_TYPE = YES_ERROR;
				GCC_WARN_UNDECLARED_SELECTOR = YES;
				GCC_WARN_UNINITIALIZED_AUTOS = YES_AGGRESSIVE;
				GCC_WARN_UNUSED_FUNCTION = YES;
				GCC_WARN_UNUSED_VARIABLE = YES;
				IPHONEOS_DEPLOYMENT_TARGET = 18.4;
				LOCALIZATION_PREFERS_STRING_CATALOGS = YES;
				MTL_ENABLE_DEBUG_INFO = NO;
				MTL_FAST_MATH = YES;
				SDKROOT = iphoneos;
				SWIFT_COMPILATION_MODE = wholemodule;
				VALIDATE_PRODUCT = YES;
				aa = "";
			};
			name = Release;
		};
		D6FFCD3E2DB705FD00124233 /* Debug */ = {
			isa = XCBuildConfiguration;
			buildSettings = {
				ASSETCATALOG_COMPILER_APPICON_NAME = AppIcon;
				ASSETCATALOG_COMPILER_GLOBAL_ACCENT_COLOR_NAME = AccentColor;
				CODE_SIGN_STYLE = Automatic;
				CURRENT_PROJECT_VERSION = 1;
				DEVELOPMENT_TEAM = GUN8SN6KGJ;
				ENABLE_PREVIEWS = YES;
				GENERATE_INFOPLIST_FILE = YES;
				INFOPLIST_FILE = "Thoughtsort-UI-Info.plist";
				INFOPLIST_KEY_CFBundleDisplayName = "";
				INFOPLIST_KEY_LSApplicationCategoryType = "";
				INFOPLIST_KEY_UIApplicationSceneManifest_Generation = YES;
				INFOPLIST_KEY_UIApplicationSupportsIndirectInputEvents = YES;
				INFOPLIST_KEY_UILaunchScreen_Generation = YES;
				INFOPLIST_KEY_UISupportedInterfaceOrientations_iPad = "UIInterfaceOrientationPortrait UIInterfaceOrientationPortraitUpsideDown UIInterfaceOrientationLandscapeLeft UIInterfaceOrientationLandscapeRight";
				INFOPLIST_KEY_UISupportedInterfaceOrientations_iPhone = "UIInterfaceOrientationPortrait UIInterfaceOrientationLandscapeLeft UIInterfaceOrientationLandscapeRight";
				LD_RUNPATH_SEARCH_PATHS = (
					"$(inherited)",
					"@executable_path/Frameworks",
				);
				MARKETING_VERSION = 1.0;
				PRODUCT_BUNDLE_IDENTIFIER = "MoLab.Thoughtsort-UI";
				PRODUCT_NAME = "$(TARGET_NAME)";
				SWIFT_EMIT_LOC_STRINGS = YES;
				SWIFT_VERSION = 5.0;
				TARGETED_DEVICE_FAMILY = "1,2";
			};
			name = Debug;
		};
		D6FFCD3F2DB705FD00124233 /* Release */ = {
			isa = XCBuildConfiguration;
			buildSettings = {
				ASSETCATALOG_COMPILER_APPICON_NAME = AppIcon;
				ASSETCATALOG_COMPILER_GLOBAL_ACCENT_COLOR_NAME = AccentColor;
				CODE_SIGN_STYLE = Automatic;
				CURRENT_PROJECT_VERSION = 1;
				DEVELOPMENT_TEAM = GUN8SN6KGJ;
				ENABLE_PREVIEWS = YES;
				GENERATE_INFOPLIST_FILE = YES;
				INFOPLIST_FILE = "Thoughtsort-UI-Info.plist";
				INFOPLIST_KEY_CFBundleDisplayName = "";
				INFOPLIST_KEY_LSApplicationCategoryType = "";
				INFOPLIST_KEY_UIApplicationSceneManifest_Generation = YES;
				INFOPLIST_KEY_UIApplicationSupportsIndirectInputEvents = YES;
				INFOPLIST_KEY_UILaunchScreen_Generation = YES;
				INFOPLIST_KEY_UISupportedInterfaceOrientations_iPad = "UIInterfaceOrientationPortrait UIInterfaceOrientationPortraitUpsideDown UIInterfaceOrientationLandscapeLeft UIInterfaceOrientationLandscapeRight";
				INFOPLIST_KEY_UISupportedInterfaceOrientations_iPhone = "UIInterfaceOrientationPortrait UIInterfaceOrientationLandscapeLeft UIInterfaceOrientationLandscapeRight";
				LD_RUNPATH_SEARCH_PATHS = (
					"$(inherited)",
					"@executable_path/Frameworks",
				);
				MARKETING_VERSION = 1.0;
				PRODUCT_BUNDLE_IDENTIFIER = "MoLab.Thoughtsort-UI";
				PRODUCT_NAME = "$(TARGET_NAME)";
				SWIFT_EMIT_LOC_STRINGS = YES;
				SWIFT_VERSION = 5.0;
				TARGETED_DEVICE_FAMILY = "1,2";
			};
			name = Release;
		};
		D6FFCD412DB705FD00124233 /* Debug */ = {
			isa = XCBuildConfiguration;
			buildSettings = {
				BUNDLE_LOADER = "$(TEST_HOST)";
				CODE_SIGN_STYLE = Automatic;
				CURRENT_PROJECT_VERSION = 1;
				DEVELOPMENT_TEAM = GUN8SN6KGJ;
				GENERATE_INFOPLIST_FILE = YES;
				IPHONEOS_DEPLOYMENT_TARGET = 18.4;
				MARKETING_VERSION = 1.0;
				PRODUCT_BUNDLE_IDENTIFIER = "MoLab.Thoughtsort-UITests";
				PRODUCT_NAME = "$(TARGET_NAME)";
				SWIFT_EMIT_LOC_STRINGS = NO;
				SWIFT_VERSION = 5.0;
				TARGETED_DEVICE_FAMILY = "1,2";
				TEST_HOST = "$(BUILT_PRODUCTS_DIR)/Thoughtsort_UI.app/$(BUNDLE_EXECUTABLE_FOLDER_PATH)/Thoughtsort_UI";
			};
			name = Debug;
		};
		D6FFCD422DB705FD00124233 /* Release */ = {
			isa = XCBuildConfiguration;
			buildSettings = {
				BUNDLE_LOADER = "$(TEST_HOST)";
				CODE_SIGN_STYLE = Automatic;
				CURRENT_PROJECT_VERSION = 1;
				DEVELOPMENT_TEAM = GUN8SN6KGJ;
				GENERATE_INFOPLIST_FILE = YES;
				IPHONEOS_DEPLOYMENT_TARGET = 18.4;
				MARKETING_VERSION = 1.0;
				PRODUCT_BUNDLE_IDENTIFIER = "MoLab.Thoughtsort-UITests";
				PRODUCT_NAME = "$(TARGET_NAME)";
				SWIFT_EMIT_LOC_STRINGS = NO;
				SWIFT_VERSION = 5.0;
				TARGETED_DEVICE_FAMILY = "1,2";
				TEST_HOST = "$(BUILT_PRODUCTS_DIR)/Thoughtsort_UI.app/$(BUNDLE_EXECUTABLE_FOLDER_PATH)/Thoughtsort_UI";
			};
			name = Release;
		};
		D6FFCD442DB705FD00124233 /* Debug */ = {
			isa = XCBuildConfiguration;
			buildSettings = {
				CODE_SIGN_STYLE = Automatic;
				CURRENT_PROJECT_VERSION = 1;
				DEVELOPMENT_TEAM = GUN8SN6KGJ;
				GENERATE_INFOPLIST_FILE = YES;
				MARKETING_VERSION = 1.0;
				PRODUCT_BUNDLE_IDENTIFIER = "MoLab.Thoughtsort-UIUITests";
				PRODUCT_NAME = "$(TARGET_NAME)";
				SWIFT_EMIT_LOC_STRINGS = NO;
				SWIFT_VERSION = 5.0;
				TARGETED_DEVICE_FAMILY = "1,2";
				TEST_TARGET_NAME = Thoughtsort_UI;
			};
			name = Debug;
		};
		D6FFCD452DB705FD00124233 /* Release */ = {
			isa = XCBuildConfiguration;
			buildSettings = {
				CODE_SIGN_STYLE = Automatic;
				CURRENT_PROJECT_VERSION = 1;
				DEVELOPMENT_TEAM = GUN8SN6KGJ;
				GENERATE_INFOPLIST_FILE = YES;
				MARKETING_VERSION = 1.0;
				PRODUCT_BUNDLE_IDENTIFIER = "MoLab.Thoughtsort-UIUITests";
				PRODUCT_NAME = "$(TARGET_NAME)";
				SWIFT_EMIT_LOC_STRINGS = NO;
				SWIFT_VERSION = 5.0;
				TARGETED_DEVICE_FAMILY = "1,2";
				TEST_TARGET_NAME = Thoughtsort_UI;
			};
			name = Release;
		};
/* End XCBuildConfiguration section */

/* Begin XCConfigurationList section */
		D6FFCD172DB705FB00124233 /* Build configuration list for PBXProject "Thoughtsort_UI" */ = {
			isa = XCConfigurationList;
			buildConfigurations = (
				D6FFCD3B2DB705FD00124233 /* Debug */,
				D6FFCD3C2DB705FD00124233 /* Release */,
			);
			defaultConfigurationIsVisible = 0;
			defaultConfigurationName = Release;
		};
		D6FFCD3D2DB705FD00124233 /* Build configuration list for PBXNativeTarget "Thoughtsort_UI" */ = {
			isa = XCConfigurationList;
			buildConfigurations = (
				D6FFCD3E2DB705FD00124233 /* Debug */,
				D6FFCD3F2DB705FD00124233 /* Release */,
			);
			defaultConfigurationIsVisible = 0;
			defaultConfigurationName = Release;
		};
		D6FFCD402DB705FD00124233 /* Build configuration list for PBXNativeTarget "Thoughtsort_UITests" */ = {
			isa = XCConfigurationList;
			buildConfigurations = (
				D6FFCD412DB705FD00124233 /* Debug */,
				D6FFCD422DB705FD00124233 /* Release */,
			);
			defaultConfigurationIsVisible = 0;
			defaultConfigurationName = Release;
		};
		D6FFCD432DB705FD00124233 /* Build configuration list for PBXNativeTarget "Thoughtsort_UIUITests" */ = {
			isa = XCConfigurationList;
			buildConfigurations = (
				D6FFCD442DB705FD00124233 /* Debug */,
				D6FFCD452DB705FD00124233 /* Release */,
			);
			defaultConfigurationIsVisible = 0;
			defaultConfigurationName = Release;
		};
/* End XCConfigurationList section */

/* Begin XCRemoteSwiftPackageReference section */
		D6135F442DBE91CF008DF3D9 /* XCRemoteSwiftPackageReference "firebase-ios-sdk" */ = {
			isa = XCRemoteSwiftPackageReference;
			repositoryURL = "https://github.com/firebase/firebase-ios-sdk.git";
			requirement = {
				kind = upToNextMajorVersion;
				minimumVersion = 11.12.0;
			};
		};
		D6135F772DBE94B5008DF3D9 /* XCRemoteSwiftPackageReference "GoogleSignIn-iOS" */ = {
			isa = XCRemoteSwiftPackageReference;
			repositoryURL = "https://github.com/google/GoogleSignIn-iOS";
			requirement = {
				kind = upToNextMajorVersion;
				minimumVersion = 8.0.0;
			};
		};
/* End XCRemoteSwiftPackageReference section */

/* Begin XCSwiftPackageProductDependency section */
		D6135F452DBE91CF008DF3D9 /* FirebaseAnalytics */ = {
			isa = XCSwiftPackageProductDependency;
			package = D6135F442DBE91CF008DF3D9 /* XCRemoteSwiftPackageReference "firebase-ios-sdk" */;
			productName = FirebaseAnalytics;
		};
		D6135F472DBE91CF008DF3D9 /* FirebaseAnalyticsOnDeviceConversion */ = {
			isa = XCSwiftPackageProductDependency;
			package = D6135F442DBE91CF008DF3D9 /* XCRemoteSwiftPackageReference "firebase-ios-sdk" */;
			productName = FirebaseAnalyticsOnDeviceConversion;
		};
		D6135F492DBE91CF008DF3D9 /* FirebaseAnalyticsWithoutAdIdSupport */ = {
			isa = XCSwiftPackageProductDependency;
			package = D6135F442DBE91CF008DF3D9 /* XCRemoteSwiftPackageReference "firebase-ios-sdk" */;
			productName = FirebaseAnalyticsWithoutAdIdSupport;
		};
		D6135F4B2DBE91CF008DF3D9 /* FirebaseAppCheck */ = {
			isa = XCSwiftPackageProductDependency;
			package = D6135F442DBE91CF008DF3D9 /* XCRemoteSwiftPackageReference "firebase-ios-sdk" */;
			productName = FirebaseAppCheck;
		};
		D6135F4D2DBE91CF008DF3D9 /* FirebaseAppDistribution-Beta */ = {
			isa = XCSwiftPackageProductDependency;
			package = D6135F442DBE91CF008DF3D9 /* XCRemoteSwiftPackageReference "firebase-ios-sdk" */;
			productName = "FirebaseAppDistribution-Beta";
		};
		D6135F4F2DBE91CF008DF3D9 /* FirebaseAuth */ = {
			isa = XCSwiftPackageProductDependency;
			package = D6135F442DBE91CF008DF3D9 /* XCRemoteSwiftPackageReference "firebase-ios-sdk" */;
			productName = FirebaseAuth;
		};
		D6135F512DBE91CF008DF3D9 /* FirebaseAuthCombine-Community */ = {
			isa = XCSwiftPackageProductDependency;
			package = D6135F442DBE91CF008DF3D9 /* XCRemoteSwiftPackageReference "firebase-ios-sdk" */;
			productName = "FirebaseAuthCombine-Community";
		};
		D6135F532DBE91CF008DF3D9 /* FirebaseCore */ = {
			isa = XCSwiftPackageProductDependency;
			package = D6135F442DBE91CF008DF3D9 /* XCRemoteSwiftPackageReference "firebase-ios-sdk" */;
			productName = FirebaseCore;
		};
		D6135F552DBE91CF008DF3D9 /* FirebaseCrashlytics */ = {
			isa = XCSwiftPackageProductDependency;
			package = D6135F442DBE91CF008DF3D9 /* XCRemoteSwiftPackageReference "firebase-ios-sdk" */;
			productName = FirebaseCrashlytics;
		};
		D6135F572DBE91CF008DF3D9 /* FirebaseDatabase */ = {
			isa = XCSwiftPackageProductDependency;
			package = D6135F442DBE91CF008DF3D9 /* XCRemoteSwiftPackageReference "firebase-ios-sdk" */;
			productName = FirebaseDatabase;
		};
		D6135F592DBE91CF008DF3D9 /* FirebaseDynamicLinks */ = {
			isa = XCSwiftPackageProductDependency;
			package = D6135F442DBE91CF008DF3D9 /* XCRemoteSwiftPackageReference "firebase-ios-sdk" */;
			productName = FirebaseDynamicLinks;
		};
		D6135F5B2DBE91CF008DF3D9 /* FirebaseFirestore */ = {
			isa = XCSwiftPackageProductDependency;
			package = D6135F442DBE91CF008DF3D9 /* XCRemoteSwiftPackageReference "firebase-ios-sdk" */;
			productName = FirebaseFirestore;
		};
		D6135F5D2DBE91CF008DF3D9 /* FirebaseFirestoreCombine-Community */ = {
			isa = XCSwiftPackageProductDependency;
			package = D6135F442DBE91CF008DF3D9 /* XCRemoteSwiftPackageReference "firebase-ios-sdk" */;
			productName = "FirebaseFirestoreCombine-Community";
		};
		D6135F5F2DBE91CF008DF3D9 /* FirebaseFunctions */ = {
			isa = XCSwiftPackageProductDependency;
			package = D6135F442DBE91CF008DF3D9 /* XCRemoteSwiftPackageReference "firebase-ios-sdk" */;
			productName = FirebaseFunctions;
		};
		D6135F612DBE91CF008DF3D9 /* FirebaseFunctionsCombine-Community */ = {
			isa = XCSwiftPackageProductDependency;
			package = D6135F442DBE91CF008DF3D9 /* XCRemoteSwiftPackageReference "firebase-ios-sdk" */;
			productName = "FirebaseFunctionsCombine-Community";
		};
		D6135F632DBE91CF008DF3D9 /* FirebaseInAppMessaging-Beta */ = {
			isa = XCSwiftPackageProductDependency;
			package = D6135F442DBE91CF008DF3D9 /* XCRemoteSwiftPackageReference "firebase-ios-sdk" */;
			productName = "FirebaseInAppMessaging-Beta";
		};
		D6135F652DBE91CF008DF3D9 /* FirebaseInstallations */ = {
			isa = XCSwiftPackageProductDependency;
			package = D6135F442DBE91CF008DF3D9 /* XCRemoteSwiftPackageReference "firebase-ios-sdk" */;
			productName = FirebaseInstallations;
		};
		D6135F672DBE91CF008DF3D9 /* FirebaseMLModelDownloader */ = {
			isa = XCSwiftPackageProductDependency;
			package = D6135F442DBE91CF008DF3D9 /* XCRemoteSwiftPackageReference "firebase-ios-sdk" */;
			productName = FirebaseMLModelDownloader;
		};
		D6135F692DBE91CF008DF3D9 /* FirebaseMessaging */ = {
			isa = XCSwiftPackageProductDependency;
			package = D6135F442DBE91CF008DF3D9 /* XCRemoteSwiftPackageReference "firebase-ios-sdk" */;
			productName = FirebaseMessaging;
		};
		D6135F6B2DBE91CF008DF3D9 /* FirebasePerformance */ = {
			isa = XCSwiftPackageProductDependency;
			package = D6135F442DBE91CF008DF3D9 /* XCRemoteSwiftPackageReference "firebase-ios-sdk" */;
			productName = FirebasePerformance;
		};
		D6135F6D2DBE91CF008DF3D9 /* FirebaseRemoteConfig */ = {
			isa = XCSwiftPackageProductDependency;
			package = D6135F442DBE91CF008DF3D9 /* XCRemoteSwiftPackageReference "firebase-ios-sdk" */;
			productName = FirebaseRemoteConfig;
		};
		D6135F6F2DBE91CF008DF3D9 /* FirebaseStorage */ = {
			isa = XCSwiftPackageProductDependency;
			package = D6135F442DBE91CF008DF3D9 /* XCRemoteSwiftPackageReference "firebase-ios-sdk" */;
			productName = FirebaseStorage;
		};
		D6135F712DBE91CF008DF3D9 /* FirebaseStorageCombine-Community */ = {
			isa = XCSwiftPackageProductDependency;
			package = D6135F442DBE91CF008DF3D9 /* XCRemoteSwiftPackageReference "firebase-ios-sdk" */;
			productName = "FirebaseStorageCombine-Community";
		};
		D6135F732DBE91CF008DF3D9 /* FirebaseVertexAI */ = {
			isa = XCSwiftPackageProductDependency;
			package = D6135F442DBE91CF008DF3D9 /* XCRemoteSwiftPackageReference "firebase-ios-sdk" */;
			productName = FirebaseVertexAI;
		};
		D6135F782DBE94B5008DF3D9 /* GoogleSignIn */ = {
			isa = XCSwiftPackageProductDependency;
			package = D6135F772DBE94B5008DF3D9 /* XCRemoteSwiftPackageReference "GoogleSignIn-iOS" */;
			productName = GoogleSignIn;
		};
		D6135F7A2DBE94B5008DF3D9 /* GoogleSignInSwift */ = {
			isa = XCSwiftPackageProductDependency;
			package = D6135F772DBE94B5008DF3D9 /* XCRemoteSwiftPackageReference "GoogleSignIn-iOS" */;
			productName = GoogleSignInSwift;
		};
/* End XCSwiftPackageProductDependency section */
	};
	rootObject = D6FFCD142DB705FB00124233 /* Project object */;
}
